// !$*UTF8*$!
{
	archiveVersion = 1;
	classes = {
	};
	objectVersion = 50;
	objects = {

/* Begin PBXBuildFile section */
		FD891BB9253E2DC9005A819E /* AppDelegate.swift in Sources */ = {isa = PBXBuildFile; fileRef = FD891BB8253E2DC9005A819E /* AppDelegate.swift */; };
		FD891BBB253E2DC9005A819E /* SceneDelegate.swift in Sources */ = {isa = PBXBuildFile; fileRef = FD891BBA253E2DC9005A819E /* SceneDelegate.swift */; };
		FD891BBD253E2DC9005A819E /* ContentView.swift in Sources */ = {isa = PBXBuildFile; fileRef = FD891BBC253E2DC9005A819E /* ContentView.swift */; };
		FD891BBF253E2DCC005A819E /* Assets.xcassets in Resources */ = {isa = PBXBuildFile; fileRef = FD891BBE253E2DCC005A819E /* Assets.xcassets */; };
		FD891BC2253E2DCC005A819E /* Preview Assets.xcassets in Resources */ = {isa = PBXBuildFile; fileRef = FD891BC1253E2DCC005A819E /* Preview Assets.xcassets */; };
		FD891BC5253E2DCC005A819E /* LaunchScreen.storyboard in Resources */ = {isa = PBXBuildFile; fileRef = FD891BC3253E2DCC005A819E /* LaunchScreen.storyboard */; };
		FD891BD0253E2DCC005A819E /* Mercado_Libre_VIP_SwiftUITests.swift in Sources */ = {isa = PBXBuildFile; fileRef = FD891BCF253E2DCC005A819E /* Mercado_Libre_VIP_SwiftUITests.swift */; };
		FD891BDB253E2DCC005A819E /* Mercado_Libre_VIP_SwiftUIUITests.swift in Sources */ = {isa = PBXBuildFile; fileRef = FD891BDA253E2DCC005A819E /* Mercado_Libre_VIP_SwiftUIUITests.swift */; };
		FD891BEA253E2EAE005A819E /* Site.swift in Sources */ = {isa = PBXBuildFile; fileRef = FD891BE9253E2EAE005A819E /* Site.swift */; };
		FD891BEC253E31A1005A819E /* ListingSearch.swift in Sources */ = {isa = PBXBuildFile; fileRef = FD891BEB253E31A1005A819E /* ListingSearch.swift */; };
		FD891BFB253E3CA3005A819E /* Proxima Nova Bold.otf in Resources */ = {isa = PBXBuildFile; fileRef = FD891BF3253E3CA2005A819E /* Proxima Nova Bold.otf */; };
		FD891BFC253E3CA3005A819E /* Proxima Nova Bold.otf in Resources */ = {isa = PBXBuildFile; fileRef = FD891BF3253E3CA2005A819E /* Proxima Nova Bold.otf */; };
		FD891BFD253E3CA3005A819E /* Proxima Nova Bold.otf in Resources */ = {isa = PBXBuildFile; fileRef = FD891BF3253E3CA2005A819E /* Proxima Nova Bold.otf */; };
		FD891BFE253E3CA3005A819E /* Proxima Nova Alt Bold.otf in Resources */ = {isa = PBXBuildFile; fileRef = FD891BF4253E3CA2005A819E /* Proxima Nova Alt Bold.otf */; };
		FD891BFF253E3CA3005A819E /* Proxima Nova Alt Bold.otf in Resources */ = {isa = PBXBuildFile; fileRef = FD891BF4253E3CA2005A819E /* Proxima Nova Alt Bold.otf */; };
		FD891C00253E3CA3005A819E /* Proxima Nova Alt Bold.otf in Resources */ = {isa = PBXBuildFile; fileRef = FD891BF4253E3CA2005A819E /* Proxima Nova Alt Bold.otf */; };
		FD891C01253E3CA3005A819E /* Proxima Nova Alt Light.otf in Resources */ = {isa = PBXBuildFile; fileRef = FD891BF5253E3CA2005A819E /* Proxima Nova Alt Light.otf */; };
		FD891C02253E3CA3005A819E /* Proxima Nova Alt Light.otf in Resources */ = {isa = PBXBuildFile; fileRef = FD891BF5253E3CA2005A819E /* Proxima Nova Alt Light.otf */; };
		FD891C03253E3CA3005A819E /* Proxima Nova Alt Light.otf in Resources */ = {isa = PBXBuildFile; fileRef = FD891BF5253E3CA2005A819E /* Proxima Nova Alt Light.otf */; };
		FD891C04253E3CA3005A819E /* Proxima Nova Black.otf in Resources */ = {isa = PBXBuildFile; fileRef = FD891BF6253E3CA2005A819E /* Proxima Nova Black.otf */; };
		FD891C05253E3CA3005A819E /* Proxima Nova Black.otf in Resources */ = {isa = PBXBuildFile; fileRef = FD891BF6253E3CA2005A819E /* Proxima Nova Black.otf */; };
		FD891C06253E3CA3005A819E /* Proxima Nova Black.otf in Resources */ = {isa = PBXBuildFile; fileRef = FD891BF6253E3CA2005A819E /* Proxima Nova Black.otf */; };
		FD891C07253E3CA3005A819E /* Proxima Nova Extrabold.otf in Resources */ = {isa = PBXBuildFile; fileRef = FD891BF7253E3CA2005A819E /* Proxima Nova Extrabold.otf */; };
		FD891C08253E3CA3005A819E /* Proxima Nova Extrabold.otf in Resources */ = {isa = PBXBuildFile; fileRef = FD891BF7253E3CA2005A819E /* Proxima Nova Extrabold.otf */; };
		FD891C09253E3CA3005A819E /* Proxima Nova Extrabold.otf in Resources */ = {isa = PBXBuildFile; fileRef = FD891BF7253E3CA2005A819E /* Proxima Nova Extrabold.otf */; };
		FD891C0A253E3CA3005A819E /* Proxima Nova Alt Thin.otf in Resources */ = {isa = PBXBuildFile; fileRef = FD891BF8253E3CA2005A819E /* Proxima Nova Alt Thin.otf */; };
		FD891C0B253E3CA3005A819E /* Proxima Nova Alt Thin.otf in Resources */ = {isa = PBXBuildFile; fileRef = FD891BF8253E3CA2005A819E /* Proxima Nova Alt Thin.otf */; };
		FD891C0C253E3CA3005A819E /* Proxima Nova Alt Thin.otf in Resources */ = {isa = PBXBuildFile; fileRef = FD891BF8253E3CA2005A819E /* Proxima Nova Alt Thin.otf */; };
		FD891C0D253E3CA3005A819E /* Proxima Nova Thin.otf in Resources */ = {isa = PBXBuildFile; fileRef = FD891BF9253E3CA2005A819E /* Proxima Nova Thin.otf */; };
		FD891C0E253E3CA3005A819E /* Proxima Nova Thin.otf in Resources */ = {isa = PBXBuildFile; fileRef = FD891BF9253E3CA2005A819E /* Proxima Nova Thin.otf */; };
		FD891C0F253E3CA3005A819E /* Proxima Nova Thin.otf in Resources */ = {isa = PBXBuildFile; fileRef = FD891BF9253E3CA2005A819E /* Proxima Nova Thin.otf */; };
		FD891C10253E3CA3005A819E /* ProximaNova-Regular.otf in Resources */ = {isa = PBXBuildFile; fileRef = FD891BFA253E3CA2005A819E /* ProximaNova-Regular.otf */; };
		FD891C11253E3CA3005A819E /* ProximaNova-Regular.otf in Resources */ = {isa = PBXBuildFile; fileRef = FD891BFA253E3CA2005A819E /* ProximaNova-Regular.otf */; };
		FD891C12253E3CA3005A819E /* ProximaNova-Regular.otf in Resources */ = {isa = PBXBuildFile; fileRef = FD891BFA253E3CA2005A819E /* ProximaNova-Regular.otf */; };
		FD891C15253E3D63005A819E /* CategoryView.swift in Sources */ = {isa = PBXBuildFile; fileRef = FD891C14253E3D63005A819E /* CategoryView.swift */; };
		FD891C16253E3D63005A819E /* CategoryView.swift in Sources */ = {isa = PBXBuildFile; fileRef = FD891C14253E3D63005A819E /* CategoryView.swift */; };
		FD891C17253E3D63005A819E /* CategoryView.swift in Sources */ = {isa = PBXBuildFile; fileRef = FD891C14253E3D63005A819E /* CategoryView.swift */; };
		FD891C1D253E3F9B005A819E /* CategoryScrollView.swift in Sources */ = {isa = PBXBuildFile; fileRef = FD891C1C253E3F9B005A819E /* CategoryScrollView.swift */; };
		FD891C1E253E3F9B005A819E /* CategoryScrollView.swift in Sources */ = {isa = PBXBuildFile; fileRef = FD891C1C253E3F9B005A819E /* CategoryScrollView.swift */; };
		FD891C1F253E3F9B005A819E /* CategoryScrollView.swift in Sources */ = {isa = PBXBuildFile; fileRef = FD891C1C253E3F9B005A819E /* CategoryScrollView.swift */; };
		FDC22C6C253FD04F00E64B46 /* SiteService.swift in Sources */ = {isa = PBXBuildFile; fileRef = FDC22C6B253FD04F00E64B46 /* SiteService.swift */; };
		FDC22C6E253FD19900E64B46 /* ListingSearchService.swift in Sources */ = {isa = PBXBuildFile; fileRef = FDC22C6D253FD19900E64B46 /* ListingSearchService.swift */; };
		FDC22C71253FD37800E64B46 /* SiteViewModel.swift in Sources */ = {isa = PBXBuildFile; fileRef = FDC22C70253FD37800E64B46 /* SiteViewModel.swift */; };
		FDC22C73253FD38900E64B46 /* ListingsViewModel.swift in Sources */ = {isa = PBXBuildFile; fileRef = FDC22C72253FD38900E64B46 /* ListingsViewModel.swift */; };
		FDC22C75253FD69B00E64B46 /* SiteCategoryListViewModel.swift in Sources */ = {isa = PBXBuildFile; fileRef = FDC22C74253FD69B00E64B46 /* SiteCategoryListViewModel.swift */; };
/* End PBXBuildFile section */

/* Begin PBXContainerItemProxy section */
		FD891BCC253E2DCC005A819E /* PBXContainerItemProxy */ = {
			isa = PBXContainerItemProxy;
			containerPortal = FD891BAD253E2DC9005A819E /* Project object */;
			proxyType = 1;
			remoteGlobalIDString = FD891BB4253E2DC9005A819E;
			remoteInfo = "Mercado Libre VIP SwiftUI";
		};
		FD891BD7253E2DCC005A819E /* PBXContainerItemProxy */ = {
			isa = PBXContainerItemProxy;
			containerPortal = FD891BAD253E2DC9005A819E /* Project object */;
			proxyType = 1;
			remoteGlobalIDString = FD891BB4253E2DC9005A819E;
			remoteInfo = "Mercado Libre VIP SwiftUI";
		};
/* End PBXContainerItemProxy section */

/* Begin PBXFileReference section */
		FD891BB5253E2DC9005A819E /* Mercado Libre VIP SwiftUI.app */ = {isa = PBXFileReference; explicitFileType = wrapper.application; includeInIndex = 0; path = "Mercado Libre VIP SwiftUI.app"; sourceTree = BUILT_PRODUCTS_DIR; };
		FD891BB8253E2DC9005A819E /* AppDelegate.swift */ = {isa = PBXFileReference; lastKnownFileType = sourcecode.swift; path = AppDelegate.swift; sourceTree = "<group>"; };
		FD891BBA253E2DC9005A819E /* SceneDelegate.swift */ = {isa = PBXFileReference; lastKnownFileType = sourcecode.swift; path = SceneDelegate.swift; sourceTree = "<group>"; };
		FD891BBC253E2DC9005A819E /* ContentView.swift */ = {isa = PBXFileReference; lastKnownFileType = sourcecode.swift; path = ContentView.swift; sourceTree = "<group>"; };
		FD891BBE253E2DCC005A819E /* Assets.xcassets */ = {isa = PBXFileReference; lastKnownFileType = folder.assetcatalog; path = Assets.xcassets; sourceTree = "<group>"; };
		FD891BC1253E2DCC005A819E /* Preview Assets.xcassets */ = {isa = PBXFileReference; lastKnownFileType = folder.assetcatalog; path = "Preview Assets.xcassets"; sourceTree = "<group>"; };
		FD891BC4253E2DCC005A819E /* Base */ = {isa = PBXFileReference; lastKnownFileType = file.storyboard; name = Base; path = Base.lproj/LaunchScreen.storyboard; sourceTree = "<group>"; };
		FD891BC6253E2DCC005A819E /* Info.plist */ = {isa = PBXFileReference; lastKnownFileType = text.plist.xml; path = Info.plist; sourceTree = "<group>"; };
		FD891BCB253E2DCC005A819E /* Mercado Libre VIP SwiftUITests.xctest */ = {isa = PBXFileReference; explicitFileType = wrapper.cfbundle; includeInIndex = 0; path = "Mercado Libre VIP SwiftUITests.xctest"; sourceTree = BUILT_PRODUCTS_DIR; };
		FD891BCF253E2DCC005A819E /* Mercado_Libre_VIP_SwiftUITests.swift */ = {isa = PBXFileReference; lastKnownFileType = sourcecode.swift; path = Mercado_Libre_VIP_SwiftUITests.swift; sourceTree = "<group>"; };
		FD891BD1253E2DCC005A819E /* Info.plist */ = {isa = PBXFileReference; lastKnownFileType = text.plist.xml; path = Info.plist; sourceTree = "<group>"; };
		FD891BD6253E2DCC005A819E /* Mercado Libre VIP SwiftUIUITests.xctest */ = {isa = PBXFileReference; explicitFileType = wrapper.cfbundle; includeInIndex = 0; path = "Mercado Libre VIP SwiftUIUITests.xctest"; sourceTree = BUILT_PRODUCTS_DIR; };
		FD891BDA253E2DCC005A819E /* Mercado_Libre_VIP_SwiftUIUITests.swift */ = {isa = PBXFileReference; lastKnownFileType = sourcecode.swift; path = Mercado_Libre_VIP_SwiftUIUITests.swift; sourceTree = "<group>"; };
		FD891BDC253E2DCC005A819E /* Info.plist */ = {isa = PBXFileReference; lastKnownFileType = text.plist.xml; path = Info.plist; sourceTree = "<group>"; };
		FD891BE9253E2EAE005A819E /* Site.swift */ = {isa = PBXFileReference; lastKnownFileType = sourcecode.swift; path = Site.swift; sourceTree = "<group>"; };
		FD891BEB253E31A1005A819E /* ListingSearch.swift */ = {isa = PBXFileReference; lastKnownFileType = sourcecode.swift; path = ListingSearch.swift; sourceTree = "<group>"; };
		FD891BF3253E3CA2005A819E /* Proxima Nova Bold.otf */ = {isa = PBXFileReference; lastKnownFileType = file; path = "Proxima Nova Bold.otf"; sourceTree = "<group>"; };
		FD891BF4253E3CA2005A819E /* Proxima Nova Alt Bold.otf */ = {isa = PBXFileReference; lastKnownFileType = file; path = "Proxima Nova Alt Bold.otf"; sourceTree = "<group>"; };
		FD891BF5253E3CA2005A819E /* Proxima Nova Alt Light.otf */ = {isa = PBXFileReference; lastKnownFileType = file; path = "Proxima Nova Alt Light.otf"; sourceTree = "<group>"; };
		FD891BF6253E3CA2005A819E /* Proxima Nova Black.otf */ = {isa = PBXFileReference; lastKnownFileType = file; path = "Proxima Nova Black.otf"; sourceTree = "<group>"; };
		FD891BF7253E3CA2005A819E /* Proxima Nova Extrabold.otf */ = {isa = PBXFileReference; lastKnownFileType = file; path = "Proxima Nova Extrabold.otf"; sourceTree = "<group>"; };
		FD891BF8253E3CA2005A819E /* Proxima Nova Alt Thin.otf */ = {isa = PBXFileReference; lastKnownFileType = file; path = "Proxima Nova Alt Thin.otf"; sourceTree = "<group>"; };
		FD891BF9253E3CA2005A819E /* Proxima Nova Thin.otf */ = {isa = PBXFileReference; lastKnownFileType = file; path = "Proxima Nova Thin.otf"; sourceTree = "<group>"; };
		FD891BFA253E3CA2005A819E /* ProximaNova-Regular.otf */ = {isa = PBXFileReference; lastKnownFileType = file; path = "ProximaNova-Regular.otf"; sourceTree = "<group>"; };
		FD891C14253E3D63005A819E /* CategoryView.swift */ = {isa = PBXFileReference; lastKnownFileType = sourcecode.swift; path = CategoryView.swift; sourceTree = "<group>"; };
		FD891C1C253E3F9B005A819E /* CategoryScrollView.swift */ = {isa = PBXFileReference; lastKnownFileType = sourcecode.swift; path = CategoryScrollView.swift; sourceTree = "<group>"; };
		FDC22C6B253FD04F00E64B46 /* SiteService.swift */ = {isa = PBXFileReference; lastKnownFileType = sourcecode.swift; path = SiteService.swift; sourceTree = "<group>"; };
		FDC22C6D253FD19900E64B46 /* ListingSearchService.swift */ = {isa = PBXFileReference; lastKnownFileType = sourcecode.swift; path = ListingSearchService.swift; sourceTree = "<group>"; };
		FDC22C70253FD37800E64B46 /* SiteViewModel.swift */ = {isa = PBXFileReference; lastKnownFileType = sourcecode.swift; path = SiteViewModel.swift; sourceTree = "<group>"; };
		FDC22C72253FD38900E64B46 /* ListingsViewModel.swift */ = {isa = PBXFileReference; lastKnownFileType = sourcecode.swift; path = ListingsViewModel.swift; sourceTree = "<group>"; };
		FDC22C74253FD69B00E64B46 /* SiteCategoryListViewModel.swift */ = {isa = PBXFileReference; lastKnownFileType = sourcecode.swift; path = SiteCategoryListViewModel.swift; sourceTree = "<group>"; };
/* End PBXFileReference section */

/* Begin PBXFrameworksBuildPhase section */
		FD891BB2253E2DC9005A819E /* Frameworks */ = {
			isa = PBXFrameworksBuildPhase;
			buildActionMask = 2147483647;
			files = (
			);
			runOnlyForDeploymentPostprocessing = 0;
		};
		FD891BC8253E2DCC005A819E /* Frameworks */ = {
			isa = PBXFrameworksBuildPhase;
			buildActionMask = 2147483647;
			files = (
			);
			runOnlyForDeploymentPostprocessing = 0;
		};
		FD891BD3253E2DCC005A819E /* Frameworks */ = {
			isa = PBXFrameworksBuildPhase;
			buildActionMask = 2147483647;
			files = (
			);
			runOnlyForDeploymentPostprocessing = 0;
		};
/* End PBXFrameworksBuildPhase section */

/* Begin PBXGroup section */
		FD891BAC253E2DC9005A819E = {
			isa = PBXGroup;
			children = (
				FD891BB7253E2DC9005A819E /* Mercado Libre VIP SwiftUI */,
				FD891BCE253E2DCC005A819E /* Mercado Libre VIP SwiftUITests */,
				FD891BD9253E2DCC005A819E /* Mercado Libre VIP SwiftUIUITests */,
				FD891BB6253E2DC9005A819E /* Products */,
			);
			sourceTree = "<group>";
		};
		FD891BB6253E2DC9005A819E /* Products */ = {
			isa = PBXGroup;
			children = (
				FD891BB5253E2DC9005A819E /* Mercado Libre VIP SwiftUI.app */,
				FD891BCB253E2DCC005A819E /* Mercado Libre VIP SwiftUITests.xctest */,
				FD891BD6253E2DCC005A819E /* Mercado Libre VIP SwiftUIUITests.xctest */,
			);
			name = Products;
			sourceTree = "<group>";
		};
		FD891BB7253E2DC9005A819E /* Mercado Libre VIP SwiftUI */ = {
			isa = PBXGroup;
			children = (
				FDC22C6F253FD35300E64B46 /* ViewModels */,
				FDC22C6A253FD03300E64B46 /* Services */,
				FD891C13253E3D53005A819E /* Views */,
				FD891BF2253E3C6A005A819E /* Fonts */,
				FD891BE8253E2E81005A819E /* Models */,
				FD891BB8253E2DC9005A819E /* AppDelegate.swift */,
				FD891BBA253E2DC9005A819E /* SceneDelegate.swift */,
				FD891BBC253E2DC9005A819E /* ContentView.swift */,
				FD891BBE253E2DCC005A819E /* Assets.xcassets */,
				FD891BC3253E2DCC005A819E /* LaunchScreen.storyboard */,
				FD891BC6253E2DCC005A819E /* Info.plist */,
				FD891BC0253E2DCC005A819E /* Preview Content */,
			);
			path = "Mercado Libre VIP SwiftUI";
			sourceTree = "<group>";
		};
		FD891BC0253E2DCC005A819E /* Preview Content */ = {
			isa = PBXGroup;
			children = (
				FD891BC1253E2DCC005A819E /* Preview Assets.xcassets */,
			);
			path = "Preview Content";
			sourceTree = "<group>";
		};
		FD891BCE253E2DCC005A819E /* Mercado Libre VIP SwiftUITests */ = {
			isa = PBXGroup;
			children = (
				FD891BCF253E2DCC005A819E /* Mercado_Libre_VIP_SwiftUITests.swift */,
				FD891BD1253E2DCC005A819E /* Info.plist */,
			);
			path = "Mercado Libre VIP SwiftUITests";
			sourceTree = "<group>";
		};
		FD891BD9253E2DCC005A819E /* Mercado Libre VIP SwiftUIUITests */ = {
			isa = PBXGroup;
			children = (
				FD891BDA253E2DCC005A819E /* Mercado_Libre_VIP_SwiftUIUITests.swift */,
				FD891BDC253E2DCC005A819E /* Info.plist */,
			);
			path = "Mercado Libre VIP SwiftUIUITests";
			sourceTree = "<group>";
		};
		FD891BE8253E2E81005A819E /* Models */ = {
			isa = PBXGroup;
			children = (
				FD891BE9253E2EAE005A819E /* Site.swift */,
				FD891BEB253E31A1005A819E /* ListingSearch.swift */,
			);
			path = Models;
			sourceTree = "<group>";
		};
		FD891BF2253E3C6A005A819E /* Fonts */ = {
			isa = PBXGroup;
			children = (
				FD891BF4253E3CA2005A819E /* Proxima Nova Alt Bold.otf */,
				FD891BF5253E3CA2005A819E /* Proxima Nova Alt Light.otf */,
				FD891BF8253E3CA2005A819E /* Proxima Nova Alt Thin.otf */,
				FD891BF6253E3CA2005A819E /* Proxima Nova Black.otf */,
				FD891BF3253E3CA2005A819E /* Proxima Nova Bold.otf */,
				FD891BF7253E3CA2005A819E /* Proxima Nova Extrabold.otf */,
				FD891BF9253E3CA2005A819E /* Proxima Nova Thin.otf */,
				FD891BFA253E3CA2005A819E /* ProximaNova-Regular.otf */,
			);
			path = Fonts;
			sourceTree = "<group>";
		};
		FD891C13253E3D53005A819E /* Views */ = {
			isa = PBXGroup;
			children = (
				FD891C14253E3D63005A819E /* CategoryView.swift */,
				FD891C1C253E3F9B005A819E /* CategoryScrollView.swift */,
			);
			path = Views;
			sourceTree = "<group>";
		};
		FDC22C6A253FD03300E64B46 /* Services */ = {
			isa = PBXGroup;
			children = (
				FDC22C6B253FD04F00E64B46 /* SiteService.swift */,
				FDC22C6D253FD19900E64B46 /* ListingSearchService.swift */,
			);
			path = Services;
			sourceTree = "<group>";
		};
		FDC22C6F253FD35300E64B46 /* ViewModels */ = {
			isa = PBXGroup;
			children = (
				FDC22C70253FD37800E64B46 /* SiteViewModel.swift */,
				FDC22C72253FD38900E64B46 /* ListingsViewModel.swift */,
				FDC22C74253FD69B00E64B46 /* SiteCategoryListViewModel.swift */,
			);
			path = ViewModels;
			sourceTree = "<group>";
		};
/* End PBXGroup section */

/* Begin PBXNativeTarget section */
		FD891BB4253E2DC9005A819E /* Mercado Libre VIP SwiftUI */ = {
			isa = PBXNativeTarget;
			buildConfigurationList = FD891BDF253E2DCC005A819E /* Build configuration list for PBXNativeTarget "Mercado Libre VIP SwiftUI" */;
			buildPhases = (
				FD891BB1253E2DC9005A819E /* Sources */,
				FD891BB2253E2DC9005A819E /* Frameworks */,
				FD891BB3253E2DC9005A819E /* Resources */,
			);
			buildRules = (
			);
			dependencies = (
			);
			name = "Mercado Libre VIP SwiftUI";
			productName = "Mercado Libre VIP SwiftUI";
			productReference = FD891BB5253E2DC9005A819E /* Mercado Libre VIP SwiftUI.app */;
			productType = "com.apple.product-type.application";
		};
		FD891BCA253E2DCC005A819E /* Mercado Libre VIP SwiftUITests */ = {
			isa = PBXNativeTarget;
			buildConfigurationList = FD891BE2253E2DCC005A819E /* Build configuration list for PBXNativeTarget "Mercado Libre VIP SwiftUITests" */;
			buildPhases = (
				FD891BC7253E2DCC005A819E /* Sources */,
				FD891BC8253E2DCC005A819E /* Frameworks */,
				FD891BC9253E2DCC005A819E /* Resources */,
			);
			buildRules = (
			);
			dependencies = (
				FD891BCD253E2DCC005A819E /* PBXTargetDependency */,
			);
			name = "Mercado Libre VIP SwiftUITests";
			productName = "Mercado Libre VIP SwiftUITests";
			productReference = FD891BCB253E2DCC005A819E /* Mercado Libre VIP SwiftUITests.xctest */;
			productType = "com.apple.product-type.bundle.unit-test";
		};
		FD891BD5253E2DCC005A819E /* Mercado Libre VIP SwiftUIUITests */ = {
			isa = PBXNativeTarget;
			buildConfigurationList = FD891BE5253E2DCC005A819E /* Build configuration list for PBXNativeTarget "Mercado Libre VIP SwiftUIUITests" */;
			buildPhases = (
				FD891BD2253E2DCC005A819E /* Sources */,
				FD891BD3253E2DCC005A819E /* Frameworks */,
				FD891BD4253E2DCC005A819E /* Resources */,
			);
			buildRules = (
			);
			dependencies = (
				FD891BD8253E2DCC005A819E /* PBXTargetDependency */,
			);
			name = "Mercado Libre VIP SwiftUIUITests";
			productName = "Mercado Libre VIP SwiftUIUITests";
			productReference = FD891BD6253E2DCC005A819E /* Mercado Libre VIP SwiftUIUITests.xctest */;
			productType = "com.apple.product-type.bundle.ui-testing";
		};
/* End PBXNativeTarget section */

/* Begin PBXProject section */
		FD891BAD253E2DC9005A819E /* Project object */ = {
			isa = PBXProject;
			attributes = {
				LastSwiftUpdateCheck = 1130;
				LastUpgradeCheck = 1130;
				ORGANIZATIONNAME = "Lucio Murature";
				TargetAttributes = {
					FD891BB4253E2DC9005A819E = {
						CreatedOnToolsVersion = 11.3;
					};
					FD891BCA253E2DCC005A819E = {
						CreatedOnToolsVersion = 11.3;
						TestTargetID = FD891BB4253E2DC9005A819E;
					};
					FD891BD5253E2DCC005A819E = {
						CreatedOnToolsVersion = 11.3;
						TestTargetID = FD891BB4253E2DC9005A819E;
					};
				};
			};
			buildConfigurationList = FD891BB0253E2DC9005A819E /* Build configuration list for PBXProject "Mercado Libre VIP SwiftUI" */;
			compatibilityVersion = "Xcode 9.3";
			developmentRegion = en;
			hasScannedForEncodings = 0;
			knownRegions = (
				en,
				Base,
			);
			mainGroup = FD891BAC253E2DC9005A819E;
			productRefGroup = FD891BB6253E2DC9005A819E /* Products */;
			projectDirPath = "";
			projectRoot = "";
			targets = (
				FD891BB4253E2DC9005A819E /* Mercado Libre VIP SwiftUI */,
				FD891BCA253E2DCC005A819E /* Mercado Libre VIP SwiftUITests */,
				FD891BD5253E2DCC005A819E /* Mercado Libre VIP SwiftUIUITests */,
			);
		};
/* End PBXProject section */

/* Begin PBXResourcesBuildPhase section */
		FD891BB3253E2DC9005A819E /* Resources */ = {
			isa = PBXResourcesBuildPhase;
			buildActionMask = 2147483647;
			files = (
				FD891BC5253E2DCC005A819E /* LaunchScreen.storyboard in Resources */,
				FD891BFB253E3CA3005A819E /* Proxima Nova Bold.otf in Resources */,
				FD891C07253E3CA3005A819E /* Proxima Nova Extrabold.otf in Resources */,
				FD891C01253E3CA3005A819E /* Proxima Nova Alt Light.otf in Resources */,
				FD891BC2253E2DCC005A819E /* Preview Assets.xcassets in Resources */,
				FD891C04253E3CA3005A819E /* Proxima Nova Black.otf in Resources */,
				FD891C10253E3CA3005A819E /* ProximaNova-Regular.otf in Resources */,
				FD891C0A253E3CA3005A819E /* Proxima Nova Alt Thin.otf in Resources */,
				FD891C0D253E3CA3005A819E /* Proxima Nova Thin.otf in Resources */,
				FD891BBF253E2DCC005A819E /* Assets.xcassets in Resources */,
				FD891BFE253E3CA3005A819E /* Proxima Nova Alt Bold.otf in Resources */,
			);
			runOnlyForDeploymentPostprocessing = 0;
		};
		FD891BC9253E2DCC005A819E /* Resources */ = {
			isa = PBXResourcesBuildPhase;
			buildActionMask = 2147483647;
			files = (
				FD891C0B253E3CA3005A819E /* Proxima Nova Alt Thin.otf in Resources */,
				FD891C11253E3CA3005A819E /* ProximaNova-Regular.otf in Resources */,
				FD891BFF253E3CA3005A819E /* Proxima Nova Alt Bold.otf in Resources */,
				FD891C08253E3CA3005A819E /* Proxima Nova Extrabold.otf in Resources */,
				FD891BFC253E3CA3005A819E /* Proxima Nova Bold.otf in Resources */,
				FD891C05253E3CA3005A819E /* Proxima Nova Black.otf in Resources */,
				FD891C02253E3CA3005A819E /* Proxima Nova Alt Light.otf in Resources */,
				FD891C0E253E3CA3005A819E /* Proxima Nova Thin.otf in Resources */,
			);
			runOnlyForDeploymentPostprocessing = 0;
		};
		FD891BD4253E2DCC005A819E /* Resources */ = {
			isa = PBXResourcesBuildPhase;
			buildActionMask = 2147483647;
			files = (
				FD891C0C253E3CA3005A819E /* Proxima Nova Alt Thin.otf in Resources */,
				FD891C12253E3CA3005A819E /* ProximaNova-Regular.otf in Resources */,
				FD891C00253E3CA3005A819E /* Proxima Nova Alt Bold.otf in Resources */,
				FD891C09253E3CA3005A819E /* Proxima Nova Extrabold.otf in Resources */,
				FD891BFD253E3CA3005A819E /* Proxima Nova Bold.otf in Resources */,
				FD891C06253E3CA3005A819E /* Proxima Nova Black.otf in Resources */,
				FD891C03253E3CA3005A819E /* Proxima Nova Alt Light.otf in Resources */,
				FD891C0F253E3CA3005A819E /* Proxima Nova Thin.otf in Resources */,
			);
			runOnlyForDeploymentPostprocessing = 0;
		};
/* End PBXResourcesBuildPhase section */

/* Begin PBXSourcesBuildPhase section */
		FD891BB1253E2DC9005A819E /* Sources */ = {
			isa = PBXSourcesBuildPhase;
			buildActionMask = 2147483647;
			files = (
				FD891BEC253E31A1005A819E /* ListingSearch.swift in Sources */,
				FD891BB9253E2DC9005A819E /* AppDelegate.swift in Sources */,
				FDC22C6C253FD04F00E64B46 /* SiteService.swift in Sources */,
				FD891C15253E3D63005A819E /* CategoryView.swift in Sources */,
				FDC22C73253FD38900E64B46 /* ListingsViewModel.swift in Sources */,
				FD891BBB253E2DC9005A819E /* SceneDelegate.swift in Sources */,
				FD891BEA253E2EAE005A819E /* Site.swift in Sources */,
				FD891BBD253E2DC9005A819E /* ContentView.swift in Sources */,
				FD891C1D253E3F9B005A819E /* CategoryScrollView.swift in Sources */,
				FDC22C75253FD69B00E64B46 /* SiteCategoryListViewModel.swift in Sources */,
				FDC22C6E253FD19900E64B46 /* ListingSearchService.swift in Sources */,
				FDC22C71253FD37800E64B46 /* SiteViewModel.swift in Sources */,
			);
			runOnlyForDeploymentPostprocessing = 0;
		};
		FD891BC7253E2DCC005A819E /* Sources */ = {
			isa = PBXSourcesBuildPhase;
			buildActionMask = 2147483647;
			files = (
				FD891C16253E3D63005A819E /* CategoryView.swift in Sources */,
				FD891BD0253E2DCC005A819E /* Mercado_Libre_VIP_SwiftUITests.swift in Sources */,
				FD891C1E253E3F9B005A819E /* CategoryScrollView.swift in Sources */,
			);
			runOnlyForDeploymentPostprocessing = 0;
		};
		FD891BD2253E2DCC005A819E /* Sources */ = {
			isa = PBXSourcesBuildPhase;
			buildActionMask = 2147483647;
			files = (
				FD891C17253E3D63005A819E /* CategoryView.swift in Sources */,
				FD891BDB253E2DCC005A819E /* Mercado_Libre_VIP_SwiftUIUITests.swift in Sources */,
				FD891C1F253E3F9B005A819E /* CategoryScrollView.swift in Sources */,
			);
			runOnlyForDeploymentPostprocessing = 0;
		};
/* End PBXSourcesBuildPhase section */

/* Begin PBXTargetDependency section */
		FD891BCD253E2DCC005A819E /* PBXTargetDependency */ = {
			isa = PBXTargetDependency;
			target = FD891BB4253E2DC9005A819E /* Mercado Libre VIP SwiftUI */;
			targetProxy = FD891BCC253E2DCC005A819E /* PBXContainerItemProxy */;
		};
		FD891BD8253E2DCC005A819E /* PBXTargetDependency */ = {
			isa = PBXTargetDependency;
			target = FD891BB4253E2DC9005A819E /* Mercado Libre VIP SwiftUI */;
			targetProxy = FD891BD7253E2DCC005A819E /* PBXContainerItemProxy */;
		};
/* End PBXTargetDependency section */

/* Begin PBXVariantGroup section */
		FD891BC3253E2DCC005A819E /* LaunchScreen.storyboard */ = {
			isa = PBXVariantGroup;
			children = (
				FD891BC4253E2DCC005A819E /* Base */,
			);
			name = LaunchScreen.storyboard;
			sourceTree = "<group>";
		};
/* End PBXVariantGroup section */

/* Begin XCBuildConfiguration section */
		FD891BDD253E2DCC005A819E /* Debug */ = {
			isa = XCBuildConfiguration;
			buildSettings = {
				ALWAYS_SEARCH_USER_PATHS = NO;
				CLANG_ANALYZER_NONNULL = YES;
				CLANG_ANALYZER_NUMBER_OBJECT_CONVERSION = YES_AGGRESSIVE;
				CLANG_CXX_LANGUAGE_STANDARD = "gnu++14";
				CLANG_CXX_LIBRARY = "libc++";
				CLANG_ENABLE_MODULES = YES;
				CLANG_ENABLE_OBJC_ARC = YES;
				CLANG_ENABLE_OBJC_WEAK = YES;
				CLANG_WARN_BLOCK_CAPTURE_AUTORELEASING = YES;
				CLANG_WARN_BOOL_CONVERSION = YES;
				CLANG_WARN_COMMA = YES;
				CLANG_WARN_CONSTANT_CONVERSION = YES;
				CLANG_WARN_DEPRECATED_OBJC_IMPLEMENTATIONS = YES;
				CLANG_WARN_DIRECT_OBJC_ISA_USAGE = YES_ERROR;
				CLANG_WARN_DOCUMENTATION_COMMENTS = YES;
				CLANG_WARN_EMPTY_BODY = YES;
				CLANG_WARN_ENUM_CONVERSION = YES;
				CLANG_WARN_INFINITE_RECURSION = YES;
				CLANG_WARN_INT_CONVERSION = YES;
				CLANG_WARN_NON_LITERAL_NULL_CONVERSION = YES;
				CLANG_WARN_OBJC_IMPLICIT_RETAIN_SELF = YES;
				CLANG_WARN_OBJC_LITERAL_CONVERSION = YES;
				CLANG_WARN_OBJC_ROOT_CLASS = YES_ERROR;
				CLANG_WARN_RANGE_LOOP_ANALYSIS = YES;
				CLANG_WARN_STRICT_PROTOTYPES = YES;
				CLANG_WARN_SUSPICIOUS_MOVE = YES;
				CLANG_WARN_UNGUARDED_AVAILABILITY = YES_AGGRESSIVE;
				CLANG_WARN_UNREACHABLE_CODE = YES;
				CLANG_WARN__DUPLICATE_METHOD_MATCH = YES;
				COPY_PHASE_STRIP = NO;
				DEBUG_INFORMATION_FORMAT = dwarf;
				ENABLE_STRICT_OBJC_MSGSEND = YES;
				ENABLE_TESTABILITY = YES;
				GCC_C_LANGUAGE_STANDARD = gnu11;
				GCC_DYNAMIC_NO_PIC = NO;
				GCC_NO_COMMON_BLOCKS = YES;
				GCC_OPTIMIZATION_LEVEL = 0;
				GCC_PREPROCESSOR_DEFINITIONS = (
					"DEBUG=1",
					"$(inherited)",
				);
				GCC_WARN_64_TO_32_BIT_CONVERSION = YES;
				GCC_WARN_ABOUT_RETURN_TYPE = YES_ERROR;
				GCC_WARN_UNDECLARED_SELECTOR = YES;
				GCC_WARN_UNINITIALIZED_AUTOS = YES_AGGRESSIVE;
				GCC_WARN_UNUSED_FUNCTION = YES;
				GCC_WARN_UNUSED_VARIABLE = YES;
				IPHONEOS_DEPLOYMENT_TARGET = 13.2;
				MTL_ENABLE_DEBUG_INFO = INCLUDE_SOURCE;
				MTL_FAST_MATH = YES;
				ONLY_ACTIVE_ARCH = YES;
				SDKROOT = iphoneos;
				SWIFT_ACTIVE_COMPILATION_CONDITIONS = DEBUG;
				SWIFT_OPTIMIZATION_LEVEL = "-Onone";
			};
			name = Debug;
		};
		FD891BDE253E2DCC005A819E /* Release */ = {
			isa = XCBuildConfiguration;
			buildSettings = {
				ALWAYS_SEARCH_USER_PATHS = NO;
				CLANG_ANALYZER_NONNULL = YES;
				CLANG_ANALYZER_NUMBER_OBJECT_CONVERSION = YES_AGGRESSIVE;
				CLANG_CXX_LANGUAGE_STANDARD = "gnu++14";
				CLANG_CXX_LIBRARY = "libc++";
				CLANG_ENABLE_MODULES = YES;
				CLANG_ENABLE_OBJC_ARC = YES;
				CLANG_ENABLE_OBJC_WEAK = YES;
				CLANG_WARN_BLOCK_CAPTURE_AUTORELEASING = YES;
				CLANG_WARN_BOOL_CONVERSION = YES;
				CLANG_WARN_COMMA = YES;
				CLANG_WARN_CONSTANT_CONVERSION = YES;
				CLANG_WARN_DEPRECATED_OBJC_IMPLEMENTATIONS = YES;
				CLANG_WARN_DIRECT_OBJC_ISA_USAGE = YES_ERROR;
				CLANG_WARN_DOCUMENTATION_COMMENTS = YES;
				CLANG_WARN_EMPTY_BODY = YES;
				CLANG_WARN_ENUM_CONVERSION = YES;
				CLANG_WARN_INFINITE_RECURSION = YES;
				CLANG_WARN_INT_CONVERSION = YES;
				CLANG_WARN_NON_LITERAL_NULL_CONVERSION = YES;
				CLANG_WARN_OBJC_IMPLICIT_RETAIN_SELF = YES;
				CLANG_WARN_OBJC_LITERAL_CONVERSION = YES;
				CLANG_WARN_OBJC_ROOT_CLASS = YES_ERROR;
				CLANG_WARN_RANGE_LOOP_ANALYSIS = YES;
				CLANG_WARN_STRICT_PROTOTYPES = YES;
				CLANG_WARN_SUSPICIOUS_MOVE = YES;
				CLANG_WARN_UNGUARDED_AVAILABILITY = YES_AGGRESSIVE;
				CLANG_WARN_UNREACHABLE_CODE = YES;
				CLANG_WARN__DUPLICATE_METHOD_MATCH = YES;
				COPY_PHASE_STRIP = NO;
				DEBUG_INFORMATION_FORMAT = "dwarf-with-dsym";
				ENABLE_NS_ASSERTIONS = NO;
				ENABLE_STRICT_OBJC_MSGSEND = YES;
				GCC_C_LANGUAGE_STANDARD = gnu11;
				GCC_NO_COMMON_BLOCKS = YES;
				GCC_WARN_64_TO_32_BIT_CONVERSION = YES;
				GCC_WARN_ABOUT_RETURN_TYPE = YES_ERROR;
				GCC_WARN_UNDECLARED_SELECTOR = YES;
				GCC_WARN_UNINITIALIZED_AUTOS = YES_AGGRESSIVE;
				GCC_WARN_UNUSED_FUNCTION = YES;
				GCC_WARN_UNUSED_VARIABLE = YES;
				IPHONEOS_DEPLOYMENT_TARGET = 13.2;
				MTL_ENABLE_DEBUG_INFO = NO;
				MTL_FAST_MATH = YES;
				SDKROOT = iphoneos;
				SWIFT_COMPILATION_MODE = wholemodule;
				SWIFT_OPTIMIZATION_LEVEL = "-O";
				VALIDATE_PRODUCT = YES;
			};
			name = Release;
		};
		FD891BE0253E2DCC005A819E /* Debug */ = {
			isa = XCBuildConfiguration;
			buildSettings = {
				ASSETCATALOG_COMPILER_APPICON_NAME = AppIcon;
				CODE_SIGN_STYLE = Automatic;
				DEVELOPMENT_ASSET_PATHS = "\"Mercado Libre VIP SwiftUI/Preview Content\"";
				DEVELOPMENT_TEAM = 9A3YYW72G8;
				ENABLE_PREVIEWS = YES;
				INFOPLIST_FILE = "Mercado Libre VIP SwiftUI/Info.plist";
				LD_RUNPATH_SEARCH_PATHS = (
					"$(inherited)",
					"@executable_path/Frameworks",
				);
				PRODUCT_BUNDLE_IDENTIFIER = "com.lmurature.Mercado-Libre-VIP-SwiftUI";
				PRODUCT_NAME = "$(TARGET_NAME)";
				SWIFT_VERSION = 5.0;
				TARGETED_DEVICE_FAMILY = "1,2";
			};
			name = Debug;
		};
		FD891BE1253E2DCC005A819E /* Release */ = {
			isa = XCBuildConfiguration;
			buildSettings = {
				ASSETCATALOG_COMPILER_APPICON_NAME = AppIcon;
				CODE_SIGN_STYLE = Automatic;
				DEVELOPMENT_ASSET_PATHS = "\"Mercado Libre VIP SwiftUI/Preview Content\"";
				DEVELOPMENT_TEAM = 9A3YYW72G8;
				ENABLE_PREVIEWS = YES;
				INFOPLIST_FILE = "Mercado Libre VIP SwiftUI/Info.plist";
				LD_RUNPATH_SEARCH_PATHS = (
					"$(inherited)",
					"@executable_path/Frameworks",
				);
				PRODUCT_BUNDLE_IDENTIFIER = "com.lmurature.Mercado-Libre-VIP-SwiftUI";
				PRODUCT_NAME = "$(TARGET_NAME)";
				SWIFT_VERSION = 5.0;
				TARGETED_DEVICE_FAMILY = "1,2";
			};
			name = Release;
		};
		FD891BE3253E2DCC005A819E /* Debug */ = {
			isa = XCBuildConfiguration;
			buildSettings = {
				ALWAYS_EMBED_SWIFT_STANDARD_LIBRARIES = YES;
				BUNDLE_LOADER = "$(TEST_HOST)";
				CODE_SIGN_STYLE = Automatic;
				DEVELOPMENT_TEAM = 9A3YYW72G8;
				INFOPLIST_FILE = "Mercado Libre VIP SwiftUITests/Info.plist";
				IPHONEOS_DEPLOYMENT_TARGET = 13.2;
				LD_RUNPATH_SEARCH_PATHS = (
					"$(inherited)",
					"@executable_path/Frameworks",
					"@loader_path/Frameworks",
				);
				PRODUCT_BUNDLE_IDENTIFIER = "com.lmurature.Mercado-Libre-VIP-SwiftUITests";
				PRODUCT_NAME = "$(TARGET_NAME)";
				SWIFT_VERSION = 5.0;
				TARGETED_DEVICE_FAMILY = "1,2";
				TEST_HOST = "$(BUILT_PRODUCTS_DIR)/Mercado Libre VIP SwiftUI.app/Mercado Libre VIP SwiftUI";
			};
			name = Debug;
		};
		FD891BE4253E2DCC005A819E /* Release */ = {
			isa = XCBuildConfiguration;
			buildSettings = {
				ALWAYS_EMBED_SWIFT_STANDARD_LIBRARIES = YES;
				BUNDLE_LOADER = "$(TEST_HOST)";
				CODE_SIGN_STYLE = Automatic;
				DEVELOPMENT_TEAM = 9A3YYW72G8;
				INFOPLIST_FILE = "Mercado Libre VIP SwiftUITests/Info.plist";
				IPHONEOS_DEPLOYMENT_TARGET = 13.2;
				LD_RUNPATH_SEARCH_PATHS = (
					"$(inherited)",
					"@executable_path/Frameworks",
					"@loader_path/Frameworks",
				);
				PRODUCT_BUNDLE_IDENTIFIER = "com.lmurature.Mercado-Libre-VIP-SwiftUITests";
				PRODUCT_NAME = "$(TARGET_NAME)";
				SWIFT_VERSION = 5.0;
				TARGETED_DEVICE_FAMILY = "1,2";
				TEST_HOST = "$(BUILT_PRODUCTS_DIR)/Mercado Libre VIP SwiftUI.app/Mercado Libre VIP SwiftUI";
			};
			name = Release;
		};
		FD891BE6253E2DCC005A819E /* Debug */ = {
			isa = XCBuildConfiguration;
			buildSettings = {
				ALWAYS_EMBED_SWIFT_STANDARD_LIBRARIES = YES;
				CODE_SIGN_STYLE = Automatic;
				DEVELOPMENT_TEAM = 9A3YYW72G8;
				INFOPLIST_FILE = "Mercado Libre VIP SwiftUIUITests/Info.plist";
				LD_RUNPATH_SEARCH_PATHS = (
					"$(inherited)",
					"@executable_path/Frameworks",
					"@loader_path/Frameworks",
				);
				PRODUCT_BUNDLE_IDENTIFIER = "com.lmurature.Mercado-Libre-VIP-SwiftUIUITests";
				PRODUCT_NAME = "$(TARGET_NAME)";
				SWIFT_VERSION = 5.0;
				TARGETED_DEVICE_FAMILY = "1,2";
				TEST_TARGET_NAME = "Mercado Libre VIP SwiftUI";
			};
			name = Debug;
		};
		FD891BE7253E2DCC005A819E /* Release */ = {
			isa = XCBuildConfiguration;
			buildSettings = {
				ALWAYS_EMBED_SWIFT_STANDARD_LIBRARIES = YES;
				CODE_SIGN_STYLE = Automatic;
				DEVELOPMENT_TEAM = 9A3YYW72G8;
				INFOPLIST_FILE = "Mercado Libre VIP SwiftUIUITests/Info.plist";
				LD_RUNPATH_SEARCH_PATHS = (
					"$(inherited)",
					"@executable_path/Frameworks",
					"@loader_path/Frameworks",
				);
				PRODUCT_BUNDLE_IDENTIFIER = "com.lmurature.Mercado-Libre-VIP-SwiftUIUITests";
				PRODUCT_NAME = "$(TARGET_NAME)";
				SWIFT_VERSION = 5.0;
				TARGETED_DEVICE_FAMILY = "1,2";
				TEST_TARGET_NAME = "Mercado Libre VIP SwiftUI";
			};
			name = Release;
		};
/* End XCBuildConfiguration section */

/* Begin XCConfigurationList section */
		FD891BB0253E2DC9005A819E /* Build configuration list for PBXProject "Mercado Libre VIP SwiftUI" */ = {
			isa = XCConfigurationList;
			buildConfigurations = (
				FD891BDD253E2DCC005A819E /* Debug */,
				FD891BDE253E2DCC005A819E /* Release */,
			);
			defaultConfigurationIsVisible = 0;
			defaultConfigurationName = Release;
		};
		FD891BDF253E2DCC005A819E /* Build configuration list for PBXNativeTarget "Mercado Libre VIP SwiftUI" */ = {
			isa = XCConfigurationList;
			buildConfigurations = (
				FD891BE0253E2DCC005A819E /* Debug */,
				FD891BE1253E2DCC005A819E /* Release */,
			);
			defaultConfigurationIsVisible = 0;
			defaultConfigurationName = Release;
		};
		FD891BE2253E2DCC005A819E /* Build configuration list for PBXNativeTarget "Mercado Libre VIP SwiftUITests" */ = {
			isa = XCConfigurationList;
			buildConfigurations = (
				FD891BE3253E2DCC005A819E /* Debug */,
				FD891BE4253E2DCC005A819E /* Release */,
			);
			defaultConfigurationIsVisible = 0;
			defaultConfigurationName = Release;
		};
		FD891BE5253E2DCC005A819E /* Build configuration list for PBXNativeTarget "Mercado Libre VIP SwiftUIUITests" */ = {
			isa = XCConfigurationList;
			buildConfigurations = (
				FD891BE6253E2DCC005A819E /* Debug */,
				FD891BE7253E2DCC005A819E /* Release */,
			);
			defaultConfigurationIsVisible = 0;
			defaultConfigurationName = Release;
		};
/* End XCConfigurationList section */
	};
	rootObject = FD891BAD253E2DC9005A819E /* Project object */;
}
